
Microsoft Visual Studio Solution File, Format Version 12.00
# Visual Studio Version 16
VisualStudioVersion = 16.0.30309.148
MinimumVisualStudioVersion = 10.0.40219.1
Project("{FAE04EC0-301F-11D3-BF4B-00C04F79EFBC}") = "Extra_Project", "Extra_Project\Extra_Project.csproj", "{A262F75B-2C77-410A-B01F-6FFA4F7F2544}"
EndProject
Global
	GlobalSection(SolutionConfigurationPlatforms) = preSolution
		Debug|Any CPU = Debug|Any CPU
		Release|Any CPU = Release|Any CPU
	EndGlobalSection
	GlobalSection(ProjectConfigurationPlatforms) = postSolution
		{A262F75B-2C77-410A-B01F-6FFA4F7F2544}.Debug|Any CPU.ActiveCfg = Debug|Any CPU
		{A262F75B-2C77-410A-B01F-6FFA4F7F2544}.Debug|Any CPU.Build.0 = Debug|Any CPU
		{A262F75B-2C77-410A-B01F-6FFA4F7F2544}.Release|Any CPU.ActiveCfg = Release|Any CPU
		{A262F75B-2C77-410A-B01F-6FFA4F7F2544}.Release|Any CPU.Build.0 = Release|Any CPU
	EndGlobalSection
	GlobalSection(SolutionProperties) = preSolution
		HideSolutionNode = FALSE
	EndGlobalSection
	GlobalSection(ExtensibilityGlobals) = postSolution
		SolutionGuid = {EBD3A1E7-192A-4998-9735-10803BD63C2E}
	EndGlobalSection
EndGlobal
